// !$*UTF8*$!
{
	archiveVersion = 1;
	classes = {
	};
	objectVersion = 55;
	objects = {

/* Begin PBXBuildFile section */
		5389DA8033661B196DC6FE52 /* Pods_SwiftRXExample.framework in Frameworks */ = {isa = PBXBuildFile; fileRef = 4EC43A3220C81A19AE2FF69E /* Pods_SwiftRXExample.framework */; };
		AEA64DFB287C544B00341958 /* Main.storyboard in Resources */ = {isa = PBXBuildFile; fileRef = AEA64DF9287C544B00341958 /* Main.storyboard */; };
		AEA64DFF287C578800341958 /* UserListViewModel.swift in Sources */ = {isa = PBXBuildFile; fileRef = AEA64DFE287C578800341958 /* UserListViewModel.swift */; };
		AED256DE287ADA5C00C20B24 /* AppDelegate.swift in Sources */ = {isa = PBXBuildFile; fileRef = AED256DD287ADA5C00C20B24 /* AppDelegate.swift */; };
		AED256E0287ADA5C00C20B24 /* SceneDelegate.swift in Sources */ = {isa = PBXBuildFile; fileRef = AED256DF287ADA5C00C20B24 /* SceneDelegate.swift */; };
		AED256E2287ADA5C00C20B24 /* UserListViewController.swift in Sources */ = {isa = PBXBuildFile; fileRef = AED256E1287ADA5C00C20B24 /* UserListViewController.swift */; };
		AED256E7287ADA5F00C20B24 /* Assets.xcassets in Resources */ = {isa = PBXBuildFile; fileRef = AED256E6287ADA5F00C20B24 /* Assets.xcassets */; };
		AED256EA287ADA5F00C20B24 /* LaunchScreen.storyboard in Resources */ = {isa = PBXBuildFile; fileRef = AED256E8287ADA5F00C20B24 /* LaunchScreen.storyboard */; };
		AED28973287EDE810071A559 /* StringExtension.swift in Sources */ = {isa = PBXBuildFile; fileRef = AED2896F287EDE810071A559 /* StringExtension.swift */; };
		AED28974287EDE810071A559 /* UserListTableViewCell.swift in Sources */ = {isa = PBXBuildFile; fileRef = AED28970287EDE810071A559 /* UserListTableViewCell.swift */; };
		AED28975287EDE810071A559 /* UserListTableViewCellModel.swift in Sources */ = {isa = PBXBuildFile; fileRef = AED28971287EDE810071A559 /* UserListTableViewCellModel.swift */; };
		AED28976287EDE810071A559 /* IndicatorView.swift in Sources */ = {isa = PBXBuildFile; fileRef = AED28972287EDE810071A559 /* IndicatorView.swift */; };
		AED28979287EDE9D0071A559 /* ApiManager.swift in Sources */ = {isa = PBXBuildFile; fileRef = AED28978287EDE9D0071A559 /* ApiManager.swift */; };
		AED2897C287EDEB00071A559 /* User.swift in Sources */ = {isa = PBXBuildFile; fileRef = AED2897B287EDEB00071A559 /* User.swift */; };
		AED28982287EDF020071A559 /* Config.swift in Sources */ = {isa = PBXBuildFile; fileRef = AED28981287EDF020071A559 /* Config.swift */; };
/* End PBXBuildFile section */

/* Begin PBXFileReference section */
		1239E2457D8653BB4A716385 /* Pods-SwiftRXExample.release.xcconfig */ = {isa = PBXFileReference; includeInIndex = 1; lastKnownFileType = text.xcconfig; name = "Pods-SwiftRXExample.release.xcconfig"; path = "Target Support Files/Pods-SwiftRXExample/Pods-SwiftRXExample.release.xcconfig"; sourceTree = "<group>"; };
		4EC43A3220C81A19AE2FF69E /* Pods_SwiftRXExample.framework */ = {isa = PBXFileReference; explicitFileType = wrapper.framework; includeInIndex = 0; path = Pods_SwiftRXExample.framework; sourceTree = BUILT_PRODUCTS_DIR; };
		AEA64DFA287C544B00341958 /* Base */ = {isa = PBXFileReference; lastKnownFileType = file.storyboard; name = Base; path = Base.lproj/Main.storyboard; sourceTree = "<group>"; };
		AEA64DFE287C578800341958 /* UserListViewModel.swift */ = {isa = PBXFileReference; lastKnownFileType = sourcecode.swift; path = UserListViewModel.swift; sourceTree = "<group>"; };
		AED256DA287ADA5C00C20B24 /* SwiftRXExample.app */ = {isa = PBXFileReference; explicitFileType = wrapper.application; includeInIndex = 0; path = SwiftRXExample.app; sourceTree = BUILT_PRODUCTS_DIR; };
		AED256DD287ADA5C00C20B24 /* AppDelegate.swift */ = {isa = PBXFileReference; lastKnownFileType = sourcecode.swift; path = AppDelegate.swift; sourceTree = "<group>"; };
		AED256DF287ADA5C00C20B24 /* SceneDelegate.swift */ = {isa = PBXFileReference; lastKnownFileType = sourcecode.swift; path = SceneDelegate.swift; sourceTree = "<group>"; };
		AED256E1287ADA5C00C20B24 /* UserListViewController.swift */ = {isa = PBXFileReference; lastKnownFileType = sourcecode.swift; path = UserListViewController.swift; sourceTree = "<group>"; };
		AED256E6287ADA5F00C20B24 /* Assets.xcassets */ = {isa = PBXFileReference; lastKnownFileType = folder.assetcatalog; path = Assets.xcassets; sourceTree = "<group>"; };
		AED256E9287ADA5F00C20B24 /* Base */ = {isa = PBXFileReference; lastKnownFileType = file.storyboard; name = Base; path = Base.lproj/LaunchScreen.storyboard; sourceTree = "<group>"; };
		AED256EB287ADA5F00C20B24 /* Info.plist */ = {isa = PBXFileReference; lastKnownFileType = text.plist.xml; path = Info.plist; sourceTree = "<group>"; };
		AED2896F287EDE810071A559 /* StringExtension.swift */ = {isa = PBXFileReference; fileEncoding = 4; lastKnownFileType = sourcecode.swift; path = StringExtension.swift; sourceTree = "<group>"; };
		AED28970287EDE810071A559 /* UserListTableViewCell.swift */ = {isa = PBXFileReference; fileEncoding = 4; lastKnownFileType = sourcecode.swift; path = UserListTableViewCell.swift; sourceTree = "<group>"; };
		AED28971287EDE810071A559 /* UserListTableViewCellModel.swift */ = {isa = PBXFileReference; fileEncoding = 4; lastKnownFileType = sourcecode.swift; path = UserListTableViewCellModel.swift; sourceTree = "<group>"; };
		AED28972287EDE810071A559 /* IndicatorView.swift */ = {isa = PBXFileReference; fileEncoding = 4; lastKnownFileType = sourcecode.swift; path = IndicatorView.swift; sourceTree = "<group>"; };
		AED28978287EDE9D0071A559 /* ApiManager.swift */ = {isa = PBXFileReference; fileEncoding = 4; lastKnownFileType = sourcecode.swift; path = ApiManager.swift; sourceTree = "<group>"; };
		AED2897B287EDEB00071A559 /* User.swift */ = {isa = PBXFileReference; fileEncoding = 4; lastKnownFileType = sourcecode.swift; path = User.swift; sourceTree = "<group>"; };
		AED2897E287EDEC90071A559 /* en */ = {isa = PBXFileReference; lastKnownFileType = text.plist.strings; name = en; path = en.lproj/Localizable.strings; sourceTree = "<group>"; };
		AED28980287EDEE30071A559 /* ja */ = {isa = PBXFileReference; lastKnownFileType = text.plist.strings; name = ja; path = ja.lproj/Localizable.strings; sourceTree = "<group>"; };
		AED28981287EDF020071A559 /* Config.swift */ = {isa = PBXFileReference; fileEncoding = 4; lastKnownFileType = sourcecode.swift; path = Config.swift; sourceTree = "<group>"; };
		D2D51193D7E12AFAE36493B1 /* Pods-SwiftRXExample.debug.xcconfig */ = {isa = PBXFileReference; includeInIndex = 1; lastKnownFileType = text.xcconfig; name = "Pods-SwiftRXExample.debug.xcconfig"; path = "Target Support Files/Pods-SwiftRXExample/Pods-SwiftRXExample.debug.xcconfig"; sourceTree = "<group>"; };
/* End PBXFileReference section */

/* Begin PBXFrameworksBuildPhase section */
		AED256D7287ADA5C00C20B24 /* Frameworks */ = {
			isa = PBXFrameworksBuildPhase;
			buildActionMask = 2147483647;
			files = (
				5389DA8033661B196DC6FE52 /* Pods_SwiftRXExample.framework in Frameworks */,
			);
			runOnlyForDeploymentPostprocessing = 0;
		};
/* End PBXFrameworksBuildPhase section */

/* Begin PBXGroup section */
		8D7D77A11C805133DBC3C675 /* Frameworks */ = {
			isa = PBXGroup;
			children = (
				4EC43A3220C81A19AE2FF69E /* Pods_SwiftRXExample.framework */,
			);
			name = Frameworks;
			sourceTree = "<group>";
		};
		AEA64DFC287C559A00341958 /* Controllers */ = {
			isa = PBXGroup;
			children = (
				AED256E1287ADA5C00C20B24 /* UserListViewController.swift */,
			);
			path = Controllers;
			sourceTree = "<group>";
		};
		AEA64DFD287C576A00341958 /* ViewModels */ = {
			isa = PBXGroup;
			children = (
				AEA64DFE287C578800341958 /* UserListViewModel.swift */,
			);
			path = ViewModels;
			sourceTree = "<group>";
		};
		AED256D1287ADA5C00C20B24 = {
			isa = PBXGroup;
			children = (
				AED256DC287ADA5C00C20B24 /* SwiftRXExample */,
				AED256DB287ADA5C00C20B24 /* Products */,
				F822EB95B376104888F5EFAD /* Pods */,
				8D7D77A11C805133DBC3C675 /* Frameworks */,
			);
			sourceTree = "<group>";
		};
		AED256DB287ADA5C00C20B24 /* Products */ = {
			isa = PBXGroup;
			children = (
				AED256DA287ADA5C00C20B24 /* SwiftRXExample.app */,
			);
			name = Products;
			sourceTree = "<group>";
		};
		AED256DC287ADA5C00C20B24 /* SwiftRXExample */ = {
			isa = PBXGroup;
			children = (
				AED2897A287EDEA70071A559 /* Models */,
				AED28977287EDE900071A559 /* Managers */,
				AED2896E287EDE480071A559 /* Resources */,
				AEA64DFD287C576A00341958 /* ViewModels */,
				AEA64DFC287C559A00341958 /* Controllers */,
				AED256DD287ADA5C00C20B24 /* AppDelegate.swift */,
				AED256DF287ADA5C00C20B24 /* SceneDelegate.swift */,
				AED28981287EDF020071A559 /* Config.swift */,
				AED256E6287ADA5F00C20B24 /* Assets.xcassets */,
				AED2897F287EDEC90071A559 /* Localizable.strings */,
				AEA64DF9287C544B00341958 /* Main.storyboard */,
				AED256E8287ADA5F00C20B24 /* LaunchScreen.storyboard */,
				AED256EB287ADA5F00C20B24 /* Info.plist */,
			);
			path = SwiftRXExample;
			sourceTree = "<group>";
		};
		AED2896E287EDE480071A559 /* Resources */ = {
			isa = PBXGroup;
			children = (
				AED28972287EDE810071A559 /* IndicatorView.swift */,
				AED2896F287EDE810071A559 /* StringExtension.swift */,
				AED28970287EDE810071A559 /* UserListTableViewCell.swift */,
				AED28971287EDE810071A559 /* UserListTableViewCellModel.swift */,
			);
			path = Resources;
			sourceTree = "<group>";
		};
		AED28977287EDE900071A559 /* Managers */ = {
			isa = PBXGroup;
			children = (
				AED28978287EDE9D0071A559 /* ApiManager.swift */,
			);
			path = Managers;
			sourceTree = "<group>";
		};
		AED2897A287EDEA70071A559 /* Models */ = {
			isa = PBXGroup;
			children = (
				AED2897B287EDEB00071A559 /* User.swift */,
			);
			path = Models;
			sourceTree = "<group>";
		};
		F822EB95B376104888F5EFAD /* Pods */ = {
			isa = PBXGroup;
			children = (
				D2D51193D7E12AFAE36493B1 /* Pods-SwiftRXExample.debug.xcconfig */,
				1239E2457D8653BB4A716385 /* Pods-SwiftRXExample.release.xcconfig */,
			);
			path = Pods;
			sourceTree = "<group>";
		};
/* End PBXGroup section */

/* Begin PBXNativeTarget section */
		AED256D9287ADA5C00C20B24 /* SwiftRXExample */ = {
			isa = PBXNativeTarget;
			buildConfigurationList = AED256EE287ADA5F00C20B24 /* Build configuration list for PBXNativeTarget "SwiftRXExample" */;
			buildPhases = (
				49429A5BBE0281229EDDB0C9 /* [CP] Check Pods Manifest.lock */,
				AED256D6287ADA5C00C20B24 /* Sources */,
				AED256D7287ADA5C00C20B24 /* Frameworks */,
				AED256D8287ADA5C00C20B24 /* Resources */,
				F406C8FCEFAEA80115B44B76 /* [CP] Embed Pods Frameworks */,
			);
			buildRules = (
			);
			dependencies = (
			);
			name = SwiftRXExample;
			productName = SwiftRXExample;
			productReference = AED256DA287ADA5C00C20B24 /* SwiftRXExample.app */;
			productType = "com.apple.product-type.application";
		};
/* End PBXNativeTarget section */

/* Begin PBXProject section */
		AED256D2287ADA5C00C20B24 /* Project object */ = {
			isa = PBXProject;
			attributes = {
				BuildIndependentTargetsInParallel = 1;
				LastSwiftUpdateCheck = 1320;
				LastUpgradeCheck = 1320;
				TargetAttributes = {
					AED256D9287ADA5C00C20B24 = {
						CreatedOnToolsVersion = 13.2.1;
					};
				};
			};
			buildConfigurationList = AED256D5287ADA5C00C20B24 /* Build configuration list for PBXProject "SwiftRXExample" */;
			compatibilityVersion = "Xcode 13.0";
			developmentRegion = en;
			hasScannedForEncodings = 0;
			knownRegions = (
				en,
				Base,
				ja,
			);
			mainGroup = AED256D1287ADA5C00C20B24;
			productRefGroup = AED256DB287ADA5C00C20B24 /* Products */;
			projectDirPath = "";
			projectRoot = "";
			targets = (
				AED256D9287ADA5C00C20B24 /* SwiftRXExample */,
			);
		};
/* End PBXProject section */

/* Begin PBXResourcesBuildPhase section */
		AED256D8287ADA5C00C20B24 /* Resources */ = {
			isa = PBXResourcesBuildPhase;
			buildActionMask = 2147483647;
			files = (
				AED256EA287ADA5F00C20B24 /* LaunchScreen.storyboard in Resources */,
				AED256E7287ADA5F00C20B24 /* Assets.xcassets in Resources */,
				AEA64DFB287C544B00341958 /* Main.storyboard in Resources */,
			);
			runOnlyForDeploymentPostprocessing = 0;
		};
/* End PBXResourcesBuildPhase section */

/* Begin PBXShellScriptBuildPhase section */
		49429A5BBE0281229EDDB0C9 /* [CP] Check Pods Manifest.lock */ = {
			isa = PBXShellScriptBuildPhase;
			buildActionMask = 2147483647;
			files = (
			);
			inputFileListPaths = (
			);
			inputPaths = (
				"${PODS_PODFILE_DIR_PATH}/Podfile.lock",
				"${PODS_ROOT}/Manifest.lock",
			);
			name = "[CP] Check Pods Manifest.lock";
			outputFileListPaths = (
			);
			outputPaths = (
				"$(DERIVED_FILE_DIR)/Pods-SwiftRXExample-checkManifestLockResult.txt",
			);
			runOnlyForDeploymentPostprocessing = 0;
			shellPath = /bin/sh;
			shellScript = "diff \"${PODS_PODFILE_DIR_PATH}/Podfile.lock\" \"${PODS_ROOT}/Manifest.lock\" > /dev/null\nif [ $? != 0 ] ; then\n    # print error to STDERR\n    echo \"error: The sandbox is not in sync with the Podfile.lock. Run 'pod install' or update your CocoaPods installation.\" >&2\n    exit 1\nfi\n# This output is used by Xcode 'outputs' to avoid re-running this script phase.\necho \"SUCCESS\" > \"${SCRIPT_OUTPUT_FILE_0}\"\n";
			showEnvVarsInLog = 0;
		};
		F406C8FCEFAEA80115B44B76 /* [CP] Embed Pods Frameworks */ = {
			isa = PBXShellScriptBuildPhase;
			buildActionMask = 2147483647;
			files = (
			);
			inputFileListPaths = (
				"${PODS_ROOT}/Target Support Files/Pods-SwiftRXExample/Pods-SwiftRXExample-frameworks-${CONFIGURATION}-input-files.xcfilelist",
			);
			name = "[CP] Embed Pods Frameworks";
			outputFileListPaths = (
				"${PODS_ROOT}/Target Support Files/Pods-SwiftRXExample/Pods-SwiftRXExample-frameworks-${CONFIGURATION}-output-files.xcfilelist",
			);
			runOnlyForDeploymentPostprocessing = 0;
			shellPath = /bin/sh;
			shellScript = "\"${PODS_ROOT}/Target Support Files/Pods-SwiftRXExample/Pods-SwiftRXExample-frameworks.sh\"\n";
			showEnvVarsInLog = 0;
		};
/* End PBXShellScriptBuildPhase section */

/* Begin PBXSourcesBuildPhase section */
		AED256D6287ADA5C00C20B24 /* Sources */ = {
			isa = PBXSourcesBuildPhase;
			buildActionMask = 2147483647;
			files = (
				AED28975287EDE810071A559 /* UserListTableViewCellModel.swift in Sources */,
				AED28979287EDE9D0071A559 /* ApiManager.swift in Sources */,
				AED256E2287ADA5C00C20B24 /* UserListViewController.swift in Sources */,
				AEA64DFF287C578800341958 /* UserListViewModel.swift in Sources */,
				AED28982287EDF020071A559 /* Config.swift in Sources */,
				AED28973287EDE810071A559 /* StringExtension.swift in Sources */,
				AED256DE287ADA5C00C20B24 /* AppDelegate.swift in Sources */,
				AED28974287EDE810071A559 /* UserListTableViewCell.swift in Sources */,
				AED28976287EDE810071A559 /* IndicatorView.swift in Sources */,
				AED2897C287EDEB00071A559 /* User.swift in Sources */,
				AED256E0287ADA5C00C20B24 /* SceneDelegate.swift in Sources */,
			);
			runOnlyForDeploymentPostprocessing = 0;
		};
/* End PBXSourcesBuildPhase section */

/* Begin PBXVariantGroup section */
		AEA64DF9287C544B00341958 /* Main.storyboard */ = {
			isa = PBXVariantGroup;
			children = (
				AEA64DFA287C544B00341958 /* Base */,
			);
			name = Main.storyboard;
			sourceTree = "<group>";
		};
		AED256E8287ADA5F00C20B24 /* LaunchScreen.storyboard */ = {
			isa = PBXVariantGroup;
			children = (
				AED256E9287ADA5F00C20B24 /* Base */,
			);
			name = LaunchScreen.storyboard;
			sourceTree = "<group>";
		};
		AED2897F287EDEC90071A559 /* Localizable.strings */ = {
			isa = PBXVariantGroup;
			children = (
				AED2897E287EDEC90071A559 /* en */,
				AED28980287EDEE30071A559 /* ja */,
			);
			name = Localizable.strings;
			sourceTree = "<group>";
		};
/* End PBXVariantGroup section */

/* Begin XCBuildConfiguration section */
		AED256EC287ADA5F00C20B24 /* Debug */ = {
			isa = XCBuildConfiguration;
			buildSettings = {
				ALWAYS_SEARCH_USER_PATHS = NO;
				CLANG_ANALYZER_LOCALIZABILITY_NONLOCALIZED = YES;
				CLANG_ANALYZER_NONNULL = YES;
				CLANG_ANALYZER_NUMBER_OBJECT_CONVERSION = YES_AGGRESSIVE;
				CLANG_CXX_LANGUAGE_STANDARD = "gnu++17";
				CLANG_CXX_LIBRARY = "libc++";
				CLANG_ENABLE_MODULES = YES;
				CLANG_ENABLE_OBJC_ARC = YES;
				CLANG_ENABLE_OBJC_WEAK = YES;
				CLANG_WARN_BLOCK_CAPTURE_AUTORELEASING = YES;
				CLANG_WARN_BOOL_CONVERSION = YES;
				CLANG_WARN_COMMA = YES;
				CLANG_WARN_CONSTANT_CONVERSION = YES;
				CLANG_WARN_DEPRECATED_OBJC_IMPLEMENTATIONS = YES;
				CLANG_WARN_DIRECT_OBJC_ISA_USAGE = YES_ERROR;
				CLANG_WARN_DOCUMENTATION_COMMENTS = YES;
				CLANG_WARN_EMPTY_BODY = YES;
				CLANG_WARN_ENUM_CONVERSION = YES;
				CLANG_WARN_INFINITE_RECURSION = YES;
				CLANG_WARN_INT_CONVERSION = YES;
				CLANG_WARN_NON_LITERAL_NULL_CONVERSION = YES;
				CLANG_WARN_OBJC_IMPLICIT_RETAIN_SELF = YES;
				CLANG_WARN_OBJC_LITERAL_CONVERSION = YES;
				CLANG_WARN_OBJC_ROOT_CLASS = YES_ERROR;
				CLANG_WARN_QUOTED_INCLUDE_IN_FRAMEWORK_HEADER = YES;
				CLANG_WARN_RANGE_LOOP_ANALYSIS = YES;
				CLANG_WARN_STRICT_PROTOTYPES = YES;
				CLANG_WARN_SUSPICIOUS_MOVE = YES;
				CLANG_WARN_UNGUARDED_AVAILABILITY = YES_AGGRESSIVE;
				CLANG_WARN_UNREACHABLE_CODE = YES;
				CLANG_WARN__DUPLICATE_METHOD_MATCH = YES;
				COPY_PHASE_STRIP = NO;
				DEBUG_INFORMATION_FORMAT = dwarf;
				ENABLE_STRICT_OBJC_MSGSEND = YES;
				ENABLE_TESTABILITY = YES;
				GCC_C_LANGUAGE_STANDARD = gnu11;
				GCC_DYNAMIC_NO_PIC = NO;
				GCC_NO_COMMON_BLOCKS = YES;
				GCC_OPTIMIZATION_LEVEL = 0;
				GCC_PREPROCESSOR_DEFINITIONS = (
					"DEBUG=1",
					"$(inherited)",
				);
				GCC_WARN_64_TO_32_BIT_CONVERSION = YES;
				GCC_WARN_ABOUT_RETURN_TYPE = YES_ERROR;
				GCC_WARN_UNDECLARED_SELECTOR = YES;
				GCC_WARN_UNINITIALIZED_AUTOS = YES_AGGRESSIVE;
				GCC_WARN_UNUSED_FUNCTION = YES;
				GCC_WARN_UNUSED_VARIABLE = YES;
				IPHONEOS_DEPLOYMENT_TARGET = 15.2;
				MTL_ENABLE_DEBUG_INFO = INCLUDE_SOURCE;
				MTL_FAST_MATH = YES;
				ONLY_ACTIVE_ARCH = YES;
				SDKROOT = iphoneos;
				SWIFT_ACTIVE_COMPILATION_CONDITIONS = DEBUG;
				SWIFT_OPTIMIZATION_LEVEL = "-Onone";
			};
			name = Debug;
		};
		AED256ED287ADA5F00C20B24 /* Release */ = {
			isa = XCBuildConfiguration;
			buildSettings = {
				ALWAYS_SEARCH_USER_PATHS = NO;
				CLANG_ANALYZER_LOCALIZABILITY_NONLOCALIZED = YES;
				CLANG_ANALYZER_NONNULL = YES;
				CLANG_ANALYZER_NUMBER_OBJECT_CONVERSION = YES_AGGRESSIVE;
				CLANG_CXX_LANGUAGE_STANDARD = "gnu++17";
				CLANG_CXX_LIBRARY = "libc++";
				CLANG_ENABLE_MODULES = YES;
				CLANG_ENABLE_OBJC_ARC = YES;
				CLANG_ENABLE_OBJC_WEAK = YES;
				CLANG_WARN_BLOCK_CAPTURE_AUTORELEASING = YES;
				CLANG_WARN_BOOL_CONVERSION = YES;
				CLANG_WARN_COMMA = YES;
				CLANG_WARN_CONSTANT_CONVERSION = YES;
				CLANG_WARN_DEPRECATED_OBJC_IMPLEMENTATIONS = YES;
				CLANG_WARN_DIRECT_OBJC_ISA_USAGE = YES_ERROR;
				CLANG_WARN_DOCUMENTATION_COMMENTS = YES;
				CLANG_WARN_EMPTY_BODY = YES;
				CLANG_WARN_ENUM_CONVERSION = YES;
				CLANG_WARN_INFINITE_RECURSION = YES;
				CLANG_WARN_INT_CONVERSION = YES;
				CLANG_WARN_NON_LITERAL_NULL_CONVERSION = YES;
				CLANG_WARN_OBJC_IMPLICIT_RETAIN_SELF = YES;
				CLANG_WARN_OBJC_LITERAL_CONVERSION = YES;
				CLANG_WARN_OBJC_ROOT_CLASS = YES_ERROR;
				CLANG_WARN_QUOTED_INCLUDE_IN_FRAMEWORK_HEADER = YES;
				CLANG_WARN_RANGE_LOOP_ANALYSIS = YES;
				CLANG_WARN_STRICT_PROTOTYPES = YES;
				CLANG_WARN_SUSPICIOUS_MOVE = YES;
				CLANG_WARN_UNGUARDED_AVAILABILITY = YES_AGGRESSIVE;
				CLANG_WARN_UNREACHABLE_CODE = YES;
				CLANG_WARN__DUPLICATE_METHOD_MATCH = YES;
				COPY_PHASE_STRIP = NO;
				DEBUG_INFORMATION_FORMAT = "dwarf-with-dsym";
				ENABLE_NS_ASSERTIONS = NO;
				ENABLE_STRICT_OBJC_MSGSEND = YES;
				GCC_C_LANGUAGE_STANDARD = gnu11;
				GCC_NO_COMMON_BLOCKS = YES;
				GCC_WARN_64_TO_32_BIT_CONVERSION = YES;
				GCC_WARN_ABOUT_RETURN_TYPE = YES_ERROR;
				GCC_WARN_UNDECLARED_SELECTOR = YES;
				GCC_WARN_UNINITIALIZED_AUTOS = YES_AGGRESSIVE;
				GCC_WARN_UNUSED_FUNCTION = YES;
				GCC_WARN_UNUSED_VARIABLE = YES;
				IPHONEOS_DEPLOYMENT_TARGET = 15.2;
				MTL_ENABLE_DEBUG_INFO = NO;
				MTL_FAST_MATH = YES;
				SDKROOT = iphoneos;
				SWIFT_COMPILATION_MODE = wholemodule;
				SWIFT_OPTIMIZATION_LEVEL = "-O";
				VALIDATE_PRODUCT = YES;
			};
			name = Release;
		};
		AED256EF287ADA5F00C20B24 /* Debug */ = {
			isa = XCBuildConfiguration;
			baseConfigurationReference = D2D51193D7E12AFAE36493B1 /* Pods-SwiftRXExample.debug.xcconfig */;
			buildSettings = {
				ASSETCATALOG_COMPILER_APPICON_NAME = AppIcon;
				ASSETCATALOG_COMPILER_GLOBAL_ACCENT_COLOR_NAME = AccentColor;
				CODE_SIGN_STYLE = Automatic;
				CURRENT_PROJECT_VERSION = 1;
				GENERATE_INFOPLIST_FILE = YES;
				INFOPLIST_FILE = SwiftRXExample/Info.plist;
				INFOPLIST_KEY_NSMainNibFile = Main;
				INFOPLIST_KEY_UIApplicationSupportsIndirectInputEvents = YES;
				INFOPLIST_KEY_UILaunchStoryboardName = LaunchScreen;
				INFOPLIST_KEY_UISupportedInterfaceOrientations_iPad = "UIInterfaceOrientationPortrait UIInterfaceOrientationPortraitUpsideDown UIInterfaceOrientationLandscapeLeft UIInterfaceOrientationLandscapeRight";
				INFOPLIST_KEY_UISupportedInterfaceOrientations_iPhone = "UIInterfaceOrientationPortrait UIInterfaceOrientationLandscapeLeft UIInterfaceOrientationLandscapeRight";
				LD_RUNPATH_SEARCH_PATHS = (
					"$(inherited)",
					"@executable_path/Frameworks",
				);
				MARKETING_VERSION = 1.0;
				PRODUCT_BUNDLE_IDENTIFIER = jp.example.SwiftRXExample;
				PRODUCT_NAME = "$(TARGET_NAME)";
				SWIFT_EMIT_LOC_STRINGS = YES;
				SWIFT_VERSION = 5.0;
				TARGETED_DEVICE_FAMILY = "1,2";
			};
			name = Debug;
		};
		AED256F0287ADA5F00C20B24 /* Release */ = {
			isa = XCBuildConfiguration;
			baseConfigurationReference = 1239E2457D8653BB4A716385 /* Pods-SwiftRXExample.release.xcconfig */;
			buildSettings = {
				ASSETCATALOG_COMPILER_APPICON_NAME = AppIcon;
				ASSETCATALOG_COMPILER_GLOBAL_ACCENT_COLOR_NAME = AccentColor;
				CODE_SIGN_STYLE = Automatic;
				CURRENT_PROJECT_VERSION = 1;
				GENERATE_INFOPLIST_FILE = YES;
				INFOPLIST_FILE = SwiftRXExample/Info.plist;
				INFOPLIST_KEY_NSMainNibFile = Main;
				INFOPLIST_KEY_UIApplicationSupportsIndirectInputEvents = YES;
				INFOPLIST_KEY_UILaunchStoryboardName = LaunchScreen;
				INFOPLIST_KEY_UISupportedInterfaceOrientations_iPad = "UIInterfaceOrientationPortrait UIInterfaceOrientationPortraitUpsideDown UIInterfaceOrientationLandscapeLeft UIInterfaceOrientationLandscapeRight";
				INFOPLIST_KEY_UISupportedInterfaceOrientations_iPhone = "UIInterfaceOrientationPortrait UIInterfaceOrientationLandscapeLeft UIInterfaceOrientationLandscapeRight";
				LD_RUNPATH_SEARCH_PATHS = (
					"$(inherited)",
					"@executable_path/Frameworks",
				);
				MARKETING_VERSION = 1.0;
				PRODUCT_BUNDLE_IDENTIFIER = jp.example.SwiftRXExample;
				PRODUCT_NAME = "$(TARGET_NAME)";
				SWIFT_EMIT_LOC_STRINGS = YES;
				SWIFT_VERSION = 5.0;
				TARGETED_DEVICE_FAMILY = "1,2";
			};
			name = Release;
		};
/* End XCBuildConfiguration section */

/* Begin XCConfigurationList section */
		AED256D5287ADA5C00C20B24 /* Build configuration list for PBXProject "SwiftRXExample" */ = {
			isa = XCConfigurationList;
			buildConfigurations = (
				AED256EC287ADA5F00C20B24 /* Debug */,
				AED256ED287ADA5F00C20B24 /* Release */,
			);
			defaultConfigurationIsVisible = 0;
			defaultConfigurationName = Release;
		};
		AED256EE287ADA5F00C20B24 /* Build configuration list for PBXNativeTarget "SwiftRXExample" */ = {
			isa = XCConfigurationList;
			buildConfigurations = (
				AED256EF287ADA5F00C20B24 /* Debug */,
				AED256F0287ADA5F00C20B24 /* Release */,
			);
			defaultConfigurationIsVisible = 0;
			defaultConfigurationName = Release;
		};
/* End XCConfigurationList section */
	};
	rootObject = AED256D2287ADA5C00C20B24 /* Project object */;
}
